
Microsoft Visual Studio Solution File, Format Version 12.00
# Visual Studio Version 17
VisualStudioVersion = 17.2.32414.248
MinimumVisualStudioVersion = 10.0.40219.1
Project("{9A19103F-16F7-4668-BE54-9A1E7A4F7556}") = "ePortfolio", "ePortfolio.csproj", "{6950F468-7D4F-44C7-8086-FF47EE497CA4}"
EndProject
Project("{E53339B2-1760-4266-BCC7-CA923CBCF16C}") = "docker-compose", "docker-compose.dcproj", "{68D905FA-046B-48D8-B2A6-1FC77BFC279D}"
EndProject
Project("{9A19103F-16F7-4668-BE54-9A1E7A4F7556}") = "ePortfolioTest", "ePortfolioTest\ePortfolioTest.csproj", "{4F8E4220-85E4-4257-9482-594C66B61CA7}"
EndProject
Project("{9A19103F-16F7-4668-BE54-9A1E7A4F7556}") = "bakers", "..\bakers\bakers\bakers.csproj", "{97EDB963-A7C3-402B-AB80-9323880722DF}"
EndProject
Project("{9A19103F-16F7-4668-BE54-9A1E7A4F7556}") = "BakersTest", "..\bakers\BakersTest\BakersTest.csproj", "{5905BEFD-0F3F-49B8-B75F-25850F6EB4CD}"
EndProject
Project("{9A19103F-16F7-4668-BE54-9A1E7A4F7556}") = "BakersAPI", "BakersAPI\BakersAPI.csproj", "{27CCABE8-585F-438A-82AB-587042FA3262}"
EndProject
Global
	GlobalSection(SolutionConfigurationPlatforms) = preSolution
		Debug|Any CPU = Debug|Any CPU
		Release|Any CPU = Release|Any CPU
	EndGlobalSection
	GlobalSection(ProjectConfigurationPlatforms) = postSolution
		{6950F468-7D4F-44C7-8086-FF47EE497CA4}.Debug|Any CPU.ActiveCfg = Debug|Any CPU
		{6950F468-7D4F-44C7-8086-FF47EE497CA4}.Debug|Any CPU.Build.0 = Debug|Any CPU
		{6950F468-7D4F-44C7-8086-FF47EE497CA4}.Release|Any CPU.ActiveCfg = Release|Any CPU
		{6950F468-7D4F-44C7-8086-FF47EE497CA4}.Release|Any CPU.Build.0 = Release|Any CPU
		{68D905FA-046B-48D8-B2A6-1FC77BFC279D}.Debug|Any CPU.ActiveCfg = Debug|Any CPU
		{68D905FA-046B-48D8-B2A6-1FC77BFC279D}.Release|Any CPU.ActiveCfg = Release|Any CPU
		{68D905FA-046B-48D8-B2A6-1FC77BFC279D}.Release|Any CPU.Build.0 = Release|Any CPU
		{4F8E4220-85E4-4257-9482-594C66B61CA7}.Debug|Any CPU.ActiveCfg = Debug|Any CPU
		{4F8E4220-85E4-4257-9482-594C66B61CA7}.Debug|Any CPU.Build.0 = Debug|Any CPU
		{4F8E4220-85E4-4257-9482-594C66B61CA7}.Release|Any CPU.ActiveCfg = Release|Any CPU
		{4F8E4220-85E4-4257-9482-594C66B61CA7}.Release|Any CPU.Build.0 = Release|Any CPU
		{97EDB963-A7C3-402B-AB80-9323880722DF}.Debug|Any CPU.ActiveCfg = Debug|Any CPU
		{97EDB963-A7C3-402B-AB80-9323880722DF}.Debug|Any CPU.Build.0 = Debug|Any CPU
		{97EDB963-A7C3-402B-AB80-9323880722DF}.Release|Any CPU.ActiveCfg = Release|Any CPU
		{97EDB963-A7C3-402B-AB80-9323880722DF}.Release|Any CPU.Build.0 = Release|Any CPU
		{5905BEFD-0F3F-49B8-B75F-25850F6EB4CD}.Debug|Any CPU.ActiveCfg = Debug|Any CPU
		{5905BEFD-0F3F-49B8-B75F-25850F6EB4CD}.Debug|Any CPU.Build.0 = Debug|Any CPU
		{5905BEFD-0F3F-49B8-B75F-25850F6EB4CD}.Release|Any CPU.ActiveCfg = Release|Any CPU
		{5905BEFD-0F3F-49B8-B75F-25850F6EB4CD}.Release|Any CPU.Build.0 = Release|Any CPU
		{27CCABE8-585F-438A-82AB-587042FA3262}.Debug|Any CPU.ActiveCfg = Debug|Any CPU
		{27CCABE8-585F-438A-82AB-587042FA3262}.Debug|Any CPU.Build.0 = Debug|Any CPU
		{27CCABE8-585F-438A-82AB-587042FA3262}.Release|Any CPU.ActiveCfg = Release|Any CPU
		{27CCABE8-585F-438A-82AB-587042FA3262}.Release|Any CPU.Build.0 = Release|Any CPU
	EndGlobalSection
	GlobalSection(SolutionProperties) = preSolution
		HideSolutionNode = FALSE
	EndGlobalSection
	GlobalSection(ExtensibilityGlobals) = postSolution
		SolutionGuid = {D69DD261-8BC4-4F83-9954-4C1EA33556D2}
	EndGlobalSection
EndGlobal
